
Microsoft Visual Studio Solution File, Format Version 12.00
Project("{FAE04EC0-301F-11D3-BF4B-00C04F79EFBC}") = "CorporateHotel", "CorporateHotel\CorporateHotel.csproj", "{383533A0-5D80-420D-9162-A5D2C82B8D62}"
EndProject
Project("{FAE04EC0-301F-11D3-BF4B-00C04F79EFBC}") = "CorporateHotel.Tests", "CorporateHotel.Tests\CorporateHotel.Tests.csproj", "{1E6F601E-D9FB-428B-9F67-852BE52AC708}"
EndProject
Global
	GlobalSection(SolutionConfigurationPlatforms) = preSolution
		Debug|Any CPU = Debug|Any CPU
		Release|Any CPU = Release|Any CPU
	EndGlobalSection
	GlobalSection(ProjectConfigurationPlatforms) = postSolution
		{383533A0-5D80-420D-9162-A5D2C82B8D62}.Debug|Any CPU.ActiveCfg = Debug|Any CPU
		{383533A0-5D80-420D-9162-A5D2C82B8D62}.Debug|Any CPU.Build.0 = Debug|Any CPU
		{383533A0-5D80-420D-9162-A5D2C82B8D62}.Release|Any CPU.ActiveCfg = Release|Any CPU
		{383533A0-5D80-420D-9162-A5D2C82B8D62}.Release|Any CPU.Build.0 = Release|Any CPU
		{1E6F601E-D9FB-428B-9F67-852BE52AC708}.Debug|Any CPU.ActiveCfg = Debug|Any CPU
		{1E6F601E-D9FB-428B-9F67-852BE52AC708}.Debug|Any CPU.Build.0 = Debug|Any CPU
		{1E6F601E-D9FB-428B-9F67-852BE52AC708}.Release|Any CPU.ActiveCfg = Release|Any CPU
		{1E6F601E-D9FB-428B-9F67-852BE52AC708}.Release|Any CPU.Build.0 = Release|Any CPU
	EndGlobalSection
EndGlobal
